// !$*UTF8*$!
{
	archiveVersion = 1;
	classes = {
	};
	objectVersion = 45;
	objects = {

/* Begin PBXBuildFile section */
		1DDD58160DA1D0A300B32029 /* MainMenu.xib in Resources */ = {isa = PBXBuildFile; fileRef = 1DDD58140DA1D0A300B32029 /* MainMenu.xib */; };
		256AC3DA0F4B6AC300CF3369 /* ErrorExampleAppDelegate.m in Sources */ = {isa = PBXBuildFile; fileRef = 256AC3D90F4B6AC300CF3369 /* ErrorExampleAppDelegate.m */; };
		820BBC791246B92900DEBE59 /* LMErrorHandlerDelegate.h in Headers */ = {isa = PBXBuildFile; fileRef = 820BBC781246B92900DEBE59 /* LMErrorHandlerDelegate.h */; settings = {ATTRIBUTES = (Public, ); }; };
		820BBD8A1247F08100DEBE59 /* MATesting.m in Sources */ = {isa = PBXBuildFile; fileRef = 820BBD891247F08100DEBE59 /* MATesting.m */; };
		820BBDFB1248661B00DEBE59 /* MARTNSObject.m in Sources */ = {isa = PBXBuildFile; fileRef = 820BBDD91248661B00DEBE59 /* MARTNSObject.m */; };
		820BBDFD1248661B00DEBE59 /* RTIvar.m in Sources */ = {isa = PBXBuildFile; fileRef = 820BBDDC1248661B00DEBE59 /* RTIvar.m */; };
		820BBDFE1248661B00DEBE59 /* RTMethod.m in Sources */ = {isa = PBXBuildFile; fileRef = 820BBDDE1248661B00DEBE59 /* RTMethod.m */; };
		820BBDFF1248661B00DEBE59 /* RTUnregisteredClass.m in Sources */ = {isa = PBXBuildFile; fileRef = 820BBDE01248661B00DEBE59 /* RTUnregisteredClass.m */; };
		820BBE091248802A00DEBE59 /* LMErrorHandlerTest.m in Sources */ = {isa = PBXBuildFile; fileRef = 820BBE081248802A00DEBE59 /* LMErrorHandlerTest.m */; };
		820BC026124979FD00DEBE59 /* LMErrorManager.h in Headers */ = {isa = PBXBuildFile; fileRef = 820BC024124979FD00DEBE59 /* LMErrorManager.h */; settings = {ATTRIBUTES = (Public, ); }; };
		820BC027124979FD00DEBE59 /* LMErrorManager.m in Sources */ = {isa = PBXBuildFile; fileRef = 820BC025124979FD00DEBE59 /* LMErrorManager.m */; };
		820BC07A1249A5F100DEBE59 /* LMErrorManagerTest.m in Sources */ = {isa = PBXBuildFile; fileRef = 820BC0791249A5F100DEBE59 /* LMErrorManagerTest.m */; };
		82F30DC2124427CB00A441FC /* LMErrorHandler.h in Headers */ = {isa = PBXBuildFile; fileRef = 82F30DC0124427CB00A441FC /* LMErrorHandler.h */; settings = {ATTRIBUTES = (Public, ); }; };
		82F30DC3124427CB00A441FC /* LMErrorHandler.m in Sources */ = {isa = PBXBuildFile; fileRef = 82F30DC1124427CB00A441FC /* LMErrorHandler.m */; };
		82F30DD61244333C00A441FC /* LMErrorKit.framework in Frameworks */ = {isa = PBXBuildFile; fileRef = 82F30DB5124426AD00A441FC /* LMErrorKit.framework */; };
		82F30DDC1244337E00A441FC /* LMErrorKit.framework in Copy Frameworks */ = {isa = PBXBuildFile; fileRef = 82F30DB5124426AD00A441FC /* LMErrorKit.framework */; };
		82F30E1E12444B2800A441FC /* LMErrorKit.h in Headers */ = {isa = PBXBuildFile; fileRef = 82F30E1D12444B2800A441FC /* LMErrorKit.h */; settings = {ATTRIBUTES = (Public, ); }; };
		8D11072B0486CEB800E47090 /* InfoPlist.strings in Resources */ = {isa = PBXBuildFile; fileRef = 089C165CFE840E0CC02AAC07 /* InfoPlist.strings */; };
		8D11072D0486CEB800E47090 /* main.m in Sources */ = {isa = PBXBuildFile; fileRef = 29B97316FDCFA39411CA2CEA /* main.m */; settings = {ATTRIBUTES = (); }; };
		8D11072F0486CEB800E47090 /* Cocoa.framework in Frameworks */ = {isa = PBXBuildFile; fileRef = 1058C7A1FEA54F0111CA2CBB /* Cocoa.framework */; };
/* End PBXBuildFile section */

/* Begin PBXContainerItemProxy section */
		82F30DE2124433AF00A441FC /* PBXContainerItemProxy */ = {
			isa = PBXContainerItemProxy;
			containerPortal = 29B97313FDCFA39411CA2CEA /* Project object */;
			proxyType = 1;
			remoteGlobalIDString = 82F30DB4124426AD00A441FC;
			remoteInfo = LMErrorKit;
		};
/* End PBXContainerItemProxy section */

/* Begin PBXCopyFilesBuildPhase section */
		82F30DDF1244339C00A441FC /* Copy Frameworks */ = {
			isa = PBXCopyFilesBuildPhase;
			buildActionMask = 2147483647;
			dstPath = "";
			dstSubfolderSpec = 10;
			files = (
				82F30DDC1244337E00A441FC /* LMErrorKit.framework in Copy Frameworks */,
			);
			name = "Copy Frameworks";
			runOnlyForDeploymentPostprocessing = 0;
		};
/* End PBXCopyFilesBuildPhase section */

/* Begin PBXFileReference section */
		089C165DFE840E0CC02AAC07 /* English */ = {isa = PBXFileReference; fileEncoding = 4; lastKnownFileType = text.plist.strings; name = English; path = English.lproj/InfoPlist.strings; sourceTree = "<group>"; };
		1058C7A1FEA54F0111CA2CBB /* Cocoa.framework */ = {isa = PBXFileReference; lastKnownFileType = wrapper.framework; name = Cocoa.framework; path = /System/Library/Frameworks/Cocoa.framework; sourceTree = "<absolute>"; };
		13E42FB307B3F0F600E4EEF1 /* CoreData.framework */ = {isa = PBXFileReference; lastKnownFileType = wrapper.framework; name = CoreData.framework; path = /System/Library/Frameworks/CoreData.framework; sourceTree = "<absolute>"; };
		1DDD58150DA1D0A300B32029 /* English */ = {isa = PBXFileReference; lastKnownFileType = file.xib; name = English; path = English.lproj/MainMenu.xib; sourceTree = "<group>"; };
		256AC3D80F4B6AC300CF3369 /* ErrorExampleAppDelegate.h */ = {isa = PBXFileReference; fileEncoding = 4; lastKnownFileType = sourcecode.c.h; path = ErrorExampleAppDelegate.h; sourceTree = "<group>"; };
		256AC3D90F4B6AC300CF3369 /* ErrorExampleAppDelegate.m */ = {isa = PBXFileReference; fileEncoding = 4; lastKnownFileType = sourcecode.c.objc; path = ErrorExampleAppDelegate.m; sourceTree = "<group>"; };
		256AC3F00F4B6AF500CF3369 /* ErrorExample_Prefix.pch */ = {isa = PBXFileReference; fileEncoding = 4; lastKnownFileType = sourcecode.c.h; name = ErrorExample_Prefix.pch; path = src/Example/ErrorExample_Prefix.pch; sourceTree = "<group>"; };
		29B97316FDCFA39411CA2CEA /* main.m */ = {isa = PBXFileReference; fileEncoding = 4; lastKnownFileType = sourcecode.c.objc; name = main.m; path = src/Example/main.m; sourceTree = "<group>"; };
		29B97324FDCFA39411CA2CEA /* AppKit.framework */ = {isa = PBXFileReference; lastKnownFileType = wrapper.framework; name = AppKit.framework; path = /System/Library/Frameworks/AppKit.framework; sourceTree = "<absolute>"; };
		29B97325FDCFA39411CA2CEA /* Foundation.framework */ = {isa = PBXFileReference; lastKnownFileType = wrapper.framework; name = Foundation.framework; path = /System/Library/Frameworks/Foundation.framework; sourceTree = "<absolute>"; };
		820BBC781246B92900DEBE59 /* LMErrorHandlerDelegate.h */ = {isa = PBXFileReference; fileEncoding = 4; lastKnownFileType = sourcecode.c.h; path = LMErrorHandlerDelegate.h; sourceTree = "<group>"; };
		820BBD881247F08100DEBE59 /* MATesting.h */ = {isa = PBXFileReference; fileEncoding = 4; lastKnownFileType = sourcecode.c.h; path = MATesting.h; sourceTree = "<group>"; };
		820BBD891247F08100DEBE59 /* MATesting.m */ = {isa = PBXFileReference; fileEncoding = 4; lastKnownFileType = sourcecode.c.objc; path = MATesting.m; sourceTree = "<group>"; };
		820BBDD81248661A00DEBE59 /* MARTNSObject.h */ = {isa = PBXFileReference; fileEncoding = 4; lastKnownFileType = sourcecode.c.h; path = MARTNSObject.h; sourceTree = "<group>"; };
		820BBDD91248661B00DEBE59 /* MARTNSObject.m */ = {isa = PBXFileReference; fileEncoding = 4; lastKnownFileType = sourcecode.c.objc; path = MARTNSObject.m; sourceTree = "<group>"; };
		820BBDDB1248661B00DEBE59 /* RTIvar.h */ = {isa = PBXFileReference; fileEncoding = 4; lastKnownFileType = sourcecode.c.h; path = RTIvar.h; sourceTree = "<group>"; };
		820BBDDC1248661B00DEBE59 /* RTIvar.m */ = {isa = PBXFileReference; fileEncoding = 4; lastKnownFileType = sourcecode.c.objc; path = RTIvar.m; sourceTree = "<group>"; };
		820BBDDD1248661B00DEBE59 /* RTMethod.h */ = {isa = PBXFileReference; fileEncoding = 4; lastKnownFileType = sourcecode.c.h; path = RTMethod.h; sourceTree = "<group>"; };
		820BBDDE1248661B00DEBE59 /* RTMethod.m */ = {isa = PBXFileReference; fileEncoding = 4; lastKnownFileType = sourcecode.c.objc; path = RTMethod.m; sourceTree = "<group>"; };
		820BBDDF1248661B00DEBE59 /* RTUnregisteredClass.h */ = {isa = PBXFileReference; fileEncoding = 4; lastKnownFileType = sourcecode.c.h; path = RTUnregisteredClass.h; sourceTree = "<group>"; };
		820BBDE01248661B00DEBE59 /* RTUnregisteredClass.m */ = {isa = PBXFileReference; fileEncoding = 4; lastKnownFileType = sourcecode.c.objc; path = RTUnregisteredClass.m; sourceTree = "<group>"; };
		820BBE071248802A00DEBE59 /* LMErrorHandlerTest.h */ = {isa = PBXFileReference; fileEncoding = 4; lastKnownFileType = sourcecode.c.h; path = LMErrorHandlerTest.h; sourceTree = "<group>"; };
		820BBE081248802A00DEBE59 /* LMErrorHandlerTest.m */ = {isa = PBXFileReference; fileEncoding = 4; lastKnownFileType = sourcecode.c.objc; path = LMErrorHandlerTest.m; sourceTree = "<group>"; };
		820BC024124979FD00DEBE59 /* LMErrorManager.h */ = {isa = PBXFileReference; fileEncoding = 4; lastKnownFileType = sourcecode.c.h; path = LMErrorManager.h; sourceTree = "<group>"; };
		820BC025124979FD00DEBE59 /* LMErrorManager.m */ = {isa = PBXFileReference; fileEncoding = 4; lastKnownFileType = sourcecode.c.objc; path = LMErrorManager.m; sourceTree = "<group>"; };
		820BC0781249A5F100DEBE59 /* LMErrorManagerTest.h */ = {isa = PBXFileReference; fileEncoding = 4; lastKnownFileType = sourcecode.c.h; path = LMErrorManagerTest.h; sourceTree = "<group>"; };
		820BC0791249A5F100DEBE59 /* LMErrorManagerTest.m */ = {isa = PBXFileReference; fileEncoding = 4; lastKnownFileType = sourcecode.c.objc; path = LMErrorManagerTest.m; sourceTree = "<group>"; };
		82F30DB5124426AD00A441FC /* LMErrorKit.framework */ = {isa = PBXFileReference; explicitFileType = wrapper.framework; includeInIndex = 0; path = LMErrorKit.framework; sourceTree = BUILT_PRODUCTS_DIR; };
		82F30DB6124426AD00A441FC /* LMErrorKit-Info.plist */ = {isa = PBXFileReference; lastKnownFileType = text.plist.xml; path = "LMErrorKit-Info.plist"; sourceTree = "<group>"; };
		82F30DC0124427CB00A441FC /* LMErrorHandler.h */ = {isa = PBXFileReference; fileEncoding = 4; lastKnownFileType = sourcecode.c.h; path = LMErrorHandler.h; sourceTree = "<group>"; };
		82F30DC1124427CB00A441FC /* LMErrorHandler.m */ = {isa = PBXFileReference; fileEncoding = 4; lastKnownFileType = sourcecode.c.objc; path = LMErrorHandler.m; sourceTree = "<group>"; };
		82F30E1D12444B2800A441FC /* LMErrorKit.h */ = {isa = PBXFileReference; fileEncoding = 4; lastKnownFileType = sourcecode.c.h; path = LMErrorKit.h; sourceTree = "<group>"; };
		8D1107310486CEB800E47090 /* ErrorExample-Info.plist */ = {isa = PBXFileReference; fileEncoding = 4; lastKnownFileType = text.plist.xml; name = "ErrorExample-Info.plist"; path = "src/Example/ErrorExample-Info.plist"; sourceTree = "<group>"; };
		8D1107320486CEB800E47090 /* ErrorExample.app */ = {isa = PBXFileReference; explicitFileType = wrapper.application; includeInIndex = 0; path = ErrorExample.app; sourceTree = BUILT_PRODUCTS_DIR; };
/* End PBXFileReference section */

/* Begin PBXFrameworksBuildPhase section */
		82F30DB3124426AD00A441FC /* Frameworks */ = {
			isa = PBXFrameworksBuildPhase;
			buildActionMask = 2147483647;
			files = (
			);
			runOnlyForDeploymentPostprocessing = 0;
		};
		8D11072E0486CEB800E47090 /* Frameworks */ = {
			isa = PBXFrameworksBuildPhase;
			buildActionMask = 2147483647;
			files = (
				82F30DD61244333C00A441FC /* LMErrorKit.framework in Frameworks */,
				8D11072F0486CEB800E47090 /* Cocoa.framework in Frameworks */,
			);
			runOnlyForDeploymentPostprocessing = 0;
		};
/* End PBXFrameworksBuildPhase section */

/* Begin PBXGroup section */
		080E96DDFE201D6D7F000001 /* src */ = {
			isa = PBXGroup;
			children = (
				82DCE02012440C070049B96C /* LMErrorKit */,
				82DCE02112440C110049B96C /* Example */,
				820BBD871247F00800DEBE59 /* Testing */,
				820BBDAE1248661A00DEBE59 /* MAObjCRuntime */,
			);
			path = src;
			sourceTree = "<group>";
		};
		1058C7A0FEA54F0111CA2CBB /* Linked Frameworks */ = {
			isa = PBXGroup;
			children = (
				1058C7A1FEA54F0111CA2CBB /* Cocoa.framework */,
			);
			name = "Linked Frameworks";
			sourceTree = "<group>";
		};
		1058C7A2FEA54F0111CA2CBB /* Other Frameworks */ = {
			isa = PBXGroup;
			children = (
				29B97324FDCFA39411CA2CEA /* AppKit.framework */,
				13E42FB307B3F0F600E4EEF1 /* CoreData.framework */,
				29B97325FDCFA39411CA2CEA /* Foundation.framework */,
			);
			name = "Other Frameworks";
			sourceTree = "<group>";
		};
		19C28FACFE9D520D11CA2CBB /* Products */ = {
			isa = PBXGroup;
			children = (
				8D1107320486CEB800E47090 /* ErrorExample.app */,
				82F30DB5124426AD00A441FC /* LMErrorKit.framework */,
			);
			name = Products;
			sourceTree = "<group>";
		};
		29B97314FDCFA39411CA2CEA /* LMErrorManagment */ = {
			isa = PBXGroup;
			children = (
				080E96DDFE201D6D7F000001 /* src */,
				29B97317FDCFA39411CA2CEA /* Resources */,
				29B97323FDCFA39411CA2CEA /* Frameworks */,
				19C28FACFE9D520D11CA2CBB /* Products */,
			);
			name = LMErrorManagment;
			sourceTree = "<group>";
		};
		29B97315FDCFA39411CA2CEA /* Other Sources */ = {
			isa = PBXGroup;
			children = (
				256AC3F00F4B6AF500CF3369 /* ErrorExample_Prefix.pch */,
				29B97316FDCFA39411CA2CEA /* main.m */,
			);
			name = "Other Sources";
			path = ../..;
			sourceTree = "<group>";
		};
		29B97317FDCFA39411CA2CEA /* Resources */ = {
			isa = PBXGroup;
			children = (
				8D1107310486CEB800E47090 /* ErrorExample-Info.plist */,
				089C165CFE840E0CC02AAC07 /* InfoPlist.strings */,
				1DDD58140DA1D0A300B32029 /* MainMenu.xib */,
			);
			name = Resources;
			sourceTree = "<group>";
		};
		29B97323FDCFA39411CA2CEA /* Frameworks */ = {
			isa = PBXGroup;
			children = (
				1058C7A0FEA54F0111CA2CBB /* Linked Frameworks */,
				1058C7A2FEA54F0111CA2CBB /* Other Frameworks */,
			);
			name = Frameworks;
			sourceTree = "<group>";
		};
		820BBD871247F00800DEBE59 /* Testing */ = {
			isa = PBXGroup;
			children = (
				820BBD881247F08100DEBE59 /* MATesting.h */,
				820BBD891247F08100DEBE59 /* MATesting.m */,
				820BBE071248802A00DEBE59 /* LMErrorHandlerTest.h */,
				820BBE081248802A00DEBE59 /* LMErrorHandlerTest.m */,
				820BC0781249A5F100DEBE59 /* LMErrorManagerTest.h */,
				820BC0791249A5F100DEBE59 /* LMErrorManagerTest.m */,
			);
			path = Testing;
			sourceTree = "<group>";
		};
		820BBDAE1248661A00DEBE59 /* MAObjCRuntime */ = {
			isa = PBXGroup;
			children = (
				820BBDD81248661A00DEBE59 /* MARTNSObject.h */,
				820BBDD91248661B00DEBE59 /* MARTNSObject.m */,
				820BBDDB1248661B00DEBE59 /* RTIvar.h */,
				820BBDDC1248661B00DEBE59 /* RTIvar.m */,
				820BBDDD1248661B00DEBE59 /* RTMethod.h */,
				820BBDDE1248661B00DEBE59 /* RTMethod.m */,
				820BBDDF1248661B00DEBE59 /* RTUnregisteredClass.h */,
				820BBDE01248661B00DEBE59 /* RTUnregisteredClass.m */,
			);
			path = MAObjCRuntime;
			sourceTree = "<group>";
		};
		82DCE02012440C070049B96C /* LMErrorKit */ = {
			isa = PBXGroup;
			children = (
				820BC024124979FD00DEBE59 /* LMErrorManager.h */,
				820BC025124979FD00DEBE59 /* LMErrorManager.m */,
				82F30DC0124427CB00A441FC /* LMErrorHandler.h */,
				82F30DC1124427CB00A441FC /* LMErrorHandler.m */,
				82F30DB6124426AD00A441FC /* LMErrorKit-Info.plist */,
				82F30E1D12444B2800A441FC /* LMErrorKit.h */,
				820BBC781246B92900DEBE59 /* LMErrorHandlerDelegate.h */,
			);
			path = LMErrorKit;
			sourceTree = "<group>";
		};
		82DCE02112440C110049B96C /* Example */ = {
			isa = PBXGroup;
			children = (
				256AC3D80F4B6AC300CF3369 /* ErrorExampleAppDelegate.h */,
				256AC3D90F4B6AC300CF3369 /* ErrorExampleAppDelegate.m */,
				29B97315FDCFA39411CA2CEA /* Other Sources */,
			);
			path = Example;
			sourceTree = "<group>";
		};
/* End PBXGroup section */

/* Begin PBXHeadersBuildPhase section */
		82F30DB0124426AD00A441FC /* Headers */ = {
			isa = PBXHeadersBuildPhase;
			buildActionMask = 2147483647;
			files = (
				82F30DC2124427CB00A441FC /* LMErrorHandler.h in Headers */,
				82F30E1E12444B2800A441FC /* LMErrorKit.h in Headers */,
				820BBC791246B92900DEBE59 /* LMErrorHandlerDelegate.h in Headers */,
				820BC026124979FD00DEBE59 /* LMErrorManager.h in Headers */,
			);
			runOnlyForDeploymentPostprocessing = 0;
		};
/* End PBXHeadersBuildPhase section */

/* Begin PBXNativeTarget section */
		82F30DB4124426AD00A441FC /* LMErrorKit */ = {
			isa = PBXNativeTarget;
			buildConfigurationList = 82F30DB9124426AD00A441FC /* Build configuration list for PBXNativeTarget "LMErrorKit" */;
			buildPhases = (
				82F30DB0124426AD00A441FC /* Headers */,
				82F30DB1124426AD00A441FC /* Resources */,
				82F30DB2124426AD00A441FC /* Sources */,
				82F30DB3124426AD00A441FC /* Frameworks */,
			);
			buildRules = (
			);
			dependencies = (
			);
			name = LMErrorKit;
			productName = LMErrorKit;
			productReference = 82F30DB5124426AD00A441FC /* LMErrorKit.framework */;
			productType = "com.apple.product-type.framework";
		};
		8D1107260486CEB800E47090 /* ErrorExample */ = {
			isa = PBXNativeTarget;
			buildConfigurationList = C01FCF4A08A954540054247B /* Build configuration list for PBXNativeTarget "ErrorExample" */;
			buildPhases = (
				82F30DDF1244339C00A441FC /* Copy Frameworks */,
				8D1107290486CEB800E47090 /* Resources */,
				8D11072C0486CEB800E47090 /* Sources */,
				8D11072E0486CEB800E47090 /* Frameworks */,
			);
			buildRules = (
			);
			dependencies = (
				82F30DE3124433AF00A441FC /* PBXTargetDependency */,
			);
			name = ErrorExample;
			productInstallPath = "$(HOME)/Applications";
			productName = LMErrorManagment;
			productReference = 8D1107320486CEB800E47090 /* ErrorExample.app */;
			productType = "com.apple.product-type.application";
		};
/* End PBXNativeTarget section */

/* Begin PBXProject section */
		29B97313FDCFA39411CA2CEA /* Project object */ = {
			isa = PBXProject;
			buildConfigurationList = C01FCF4E08A954540054247B /* Build configuration list for PBXProject "LMErrorManagement" */;
			compatibilityVersion = "Xcode 3.1";
			developmentRegion = English;
			hasScannedForEncodings = 1;
			knownRegions = (
				English,
				Japanese,
				French,
				German,
			);
			mainGroup = 29B97314FDCFA39411CA2CEA /* LMErrorManagment */;
			projectDirPath = "";
			projectRoot = "";
			targets = (
				8D1107260486CEB800E47090 /* ErrorExample */,
				82F30DB4124426AD00A441FC /* LMErrorKit */,
			);
		};
/* End PBXProject section */

/* Begin PBXResourcesBuildPhase section */
		82F30DB1124426AD00A441FC /* Resources */ = {
			isa = PBXResourcesBuildPhase;
			buildActionMask = 2147483647;
			files = (
			);
			runOnlyForDeploymentPostprocessing = 0;
		};
		8D1107290486CEB800E47090 /* Resources */ = {
			isa = PBXResourcesBuildPhase;
			buildActionMask = 2147483647;
			files = (
				8D11072B0486CEB800E47090 /* InfoPlist.strings in Resources */,
				1DDD58160DA1D0A300B32029 /* MainMenu.xib in Resources */,
			);
			runOnlyForDeploymentPostprocessing = 0;
		};
/* End PBXResourcesBuildPhase section */

/* Begin PBXSourcesBuildPhase section */
		82F30DB2124426AD00A441FC /* Sources */ = {
			isa = PBXSourcesBuildPhase;
			buildActionMask = 2147483647;
			files = (
				82F30DC3124427CB00A441FC /* LMErrorHandler.m in Sources */,
				820BC027124979FD00DEBE59 /* LMErrorManager.m in Sources */,
			);
			runOnlyForDeploymentPostprocessing = 0;
		};
		8D11072C0486CEB800E47090 /* Sources */ = {
			isa = PBXSourcesBuildPhase;
			buildActionMask = 2147483647;
			files = (
				8D11072D0486CEB800E47090 /* main.m in Sources */,
				256AC3DA0F4B6AC300CF3369 /* ErrorExampleAppDelegate.m in Sources */,
				820BBD8A1247F08100DEBE59 /* MATesting.m in Sources */,
				820BBDFB1248661B00DEBE59 /* MARTNSObject.m in Sources */,
				820BBDFD1248661B00DEBE59 /* RTIvar.m in Sources */,
				820BBDFE1248661B00DEBE59 /* RTMethod.m in Sources */,
				820BBDFF1248661B00DEBE59 /* RTUnregisteredClass.m in Sources */,
				820BBE091248802A00DEBE59 /* LMErrorHandlerTest.m in Sources */,
				820BC07A1249A5F100DEBE59 /* LMErrorManagerTest.m in Sources */,
			);
			runOnlyForDeploymentPostprocessing = 0;
		};
/* End PBXSourcesBuildPhase section */

/* Begin PBXTargetDependency section */
		82F30DE3124433AF00A441FC /* PBXTargetDependency */ = {
			isa = PBXTargetDependency;
			target = 82F30DB4124426AD00A441FC /* LMErrorKit */;
			targetProxy = 82F30DE2124433AF00A441FC /* PBXContainerItemProxy */;
		};
/* End PBXTargetDependency section */

/* Begin PBXVariantGroup section */
		089C165CFE840E0CC02AAC07 /* InfoPlist.strings */ = {
			isa = PBXVariantGroup;
			children = (
				089C165DFE840E0CC02AAC07 /* English */,
			);
			name = InfoPlist.strings;
			sourceTree = "<group>";
		};
		1DDD58140DA1D0A300B32029 /* MainMenu.xib */ = {
			isa = PBXVariantGroup;
			children = (
				1DDD58150DA1D0A300B32029 /* English */,
			);
			name = MainMenu.xib;
			sourceTree = "<group>";
		};
/* End PBXVariantGroup section */

/* Begin XCBuildConfiguration section */
		82F30DB7124426AD00A441FC /* Debug */ = {
			isa = XCBuildConfiguration;
			buildSettings = {
				ALWAYS_SEARCH_USER_PATHS = NO;
				COPY_PHASE_STRIP = NO;
				DYLIB_COMPATIBILITY_VERSION = 1;
				DYLIB_CURRENT_VERSION = 1;
				FRAMEWORK_VERSION = A;
				GCC_DYNAMIC_NO_PIC = NO;
				GCC_ENABLE_FIX_AND_CONTINUE = YES;
				GCC_MODEL_TUNING = G5;
				GCC_OPTIMIZATION_LEVEL = 0;
				GCC_PRECOMPILE_PREFIX_HEADER = YES;
				GCC_PREFIX_HEADER = "$(SYSTEM_LIBRARY_DIR)/Frameworks/AppKit.framework/Headers/AppKit.h";
				INFOPLIST_FILE = "src/LMErrorKit/LMErrorKit-Info.plist";
				INSTALL_PATH = "@rpath";
				OTHER_LDFLAGS = (
					"-framework",
					Foundation,
					"-framework",
					AppKit,
				);
				PREBINDING = NO;
				PRODUCT_NAME = LMErrorKit;
			};
			name = Debug;
		};
		82F30DB8124426AD00A441FC /* Release */ = {
			isa = XCBuildConfiguration;
			buildSettings = {
				ALWAYS_SEARCH_USER_PATHS = NO;
				COPY_PHASE_STRIP = YES;
				DEBUG_INFORMATION_FORMAT = "dwarf-with-dsym";
				DYLIB_COMPATIBILITY_VERSION = 1;
				DYLIB_CURRENT_VERSION = 1;
				FRAMEWORK_VERSION = A;
				GCC_ENABLE_FIX_AND_CONTINUE = NO;
				GCC_MODEL_TUNING = G5;
				GCC_PRECOMPILE_PREFIX_HEADER = YES;
				GCC_PREFIX_HEADER = "$(SYSTEM_LIBRARY_DIR)/Frameworks/AppKit.framework/Headers/AppKit.h";
				INFOPLIST_FILE = "LMErrorKit-Info.plist";
				INSTALL_PATH = "$(HOME)/Library/Frameworks";
				OTHER_LDFLAGS = (
					"-framework",
					Foundation,
					"-framework",
					AppKit,
				);
				PREBINDING = NO;
				PRODUCT_NAME = LMErrorKit;
				ZERO_LINK = NO;
			};
			name = Release;
		};
		C01FCF4B08A954540054247B /* Debug */ = {
			isa = XCBuildConfiguration;
			buildSettings = {
				ALWAYS_SEARCH_USER_PATHS = NO;
				COPY_PHASE_STRIP = NO;
				GCC_DYNAMIC_NO_PIC = NO;
				GCC_ENABLE_FIX_AND_CONTINUE = YES;
				GCC_MODEL_TUNING = G5;
				GCC_OPTIMIZATION_LEVEL = 0;
				GCC_PRECOMPILE_PREFIX_HEADER = YES;
				GCC_PREFIX_HEADER = src/Example/ErrorExample_Prefix.pch;
				INFOPLIST_FILE = "src/Example/ErrorExample-Info.plist";
				INSTALL_PATH = "$(HOME)/Applications";
				LD_RUNPATH_SEARCH_PATHS = "@loader_path/../Frameworks";
				PRODUCT_NAME = ErrorExample;
			};
			name = Debug;
		};
		C01FCF4C08A954540054247B /* Release */ = {
			isa = XCBuildConfiguration;
			buildSettings = {
				ALWAYS_SEARCH_USER_PATHS = NO;
				DEBUG_INFORMATION_FORMAT = "dwarf-with-dsym";
				GCC_MODEL_TUNING = G5;
				GCC_PRECOMPILE_PREFIX_HEADER = YES;
				GCC_PREFIX_HEADER = LMErrorManagment_Prefix.pch;
				INFOPLIST_FILE = "src/Example/ErrorExample-Info.plist";
				INSTALL_PATH = "$(HOME)/Applications";
				PRODUCT_NAME = LMErrorManagement;
			};
			name = Release;
		};
		C01FCF4F08A954540054247B /* Debug */ = {
			isa = XCBuildConfiguration;
			buildSettings = {
				ARCHS = "$(ARCHS_STANDARD_32_64_BIT)";
				GCC_C_LANGUAGE_STANDARD = gnu99;
				GCC_OPTIMIZATION_LEVEL = 0;
				GCC_WARN_ABOUT_RETURN_TYPE = YES;
				GCC_WARN_UNUSED_VARIABLE = YES;
				ONLY_ACTIVE_ARCH = YES;
				PREBINDING = NO;
				SDKROOT = macosx10.6;
			};
			name = Debug;
		};
		C01FCF5008A954540054247B /* Release */ = {
			isa = XCBuildConfiguration;
			buildSettings = {
				ARCHS = "$(ARCHS_STANDARD_32_64_BIT)";
				GCC_C_LANGUAGE_STANDARD = gnu99;
				GCC_WARN_ABOUT_RETURN_TYPE = YES;
				GCC_WARN_UNUSED_VARIABLE = YES;
				PREBINDING = NO;
				SDKROOT = macosx10.6;
			};
			name = Release;
		};
/* End XCBuildConfiguration section */

/* Begin XCConfigurationList section */
		82F30DB9124426AD00A441FC /* Build configuration list for PBXNativeTarget "LMErrorKit" */ = {
			isa = XCConfigurationList;
			buildConfigurations = (
				82F30DB7124426AD00A441FC /* Debug */,
				82F30DB8124426AD00A441FC /* Release */,
			);
			defaultConfigurationIsVisible = 0;
			defaultConfigurationName = Release;
		};
		C01FCF4A08A954540054247B /* Build configuration list for PBXNativeTarget "ErrorExample" */ = {
			isa = XCConfigurationList;
			buildConfigurations = (
				C01FCF4B08A954540054247B /* Debug */,
				C01FCF4C08A954540054247B /* Release */,
			);
			defaultConfigurationIsVisible = 0;
			defaultConfigurationName = Release;
		};
		C01FCF4E08A954540054247B /* Build configuration list for PBXProject "LMErrorManagement" */ = {
			isa = XCConfigurationList;
			buildConfigurations = (
				C01FCF4F08A954540054247B /* Debug */,
				C01FCF5008A954540054247B /* Release */,
			);
			defaultConfigurationIsVisible = 0;
			defaultConfigurationName = Release;
		};
/* End XCConfigurationList section */
	};
	rootObject = 29B97313FDCFA39411CA2CEA /* Project object */;
}
